
Microsoft Visual Studio Solution File, Format Version 12.00
# Visual Studio 15
VisualStudioVersion = 15.0.28307.106
MinimumVisualStudioVersion = 10.0.40219.1
Project("{FAE04EC0-301F-11D3-BF4B-00C04F79EFBC}") = "SideScrollingGame", "SideScrollingGame\SideScrollingGame.csproj", "{E5CB8347-0872-409D-ABD9-3DD1199F83A2}"
EndProject
Global
	GlobalSection(SolutionConfigurationPlatforms) = preSolution
		Debug|x86 = Debug|x86
		Release|x86 = Release|x86
	EndGlobalSection
	GlobalSection(ProjectConfigurationPlatforms) = postSolution
		{E5CB8347-0872-409D-ABD9-3DD1199F83A2}.Debug|x86.ActiveCfg = Debug|x86
		{E5CB8347-0872-409D-ABD9-3DD1199F83A2}.Debug|x86.Build.0 = Debug|x86
		{E5CB8347-0872-409D-ABD9-3DD1199F83A2}.Release|x86.ActiveCfg = Release|x86
		{E5CB8347-0872-409D-ABD9-3DD1199F83A2}.Release|x86.Build.0 = Release|x86
	EndGlobalSection
	GlobalSection(SolutionProperties) = preSolution
		HideSolutionNode = FALSE
	EndGlobalSection
	GlobalSection(ExtensibilityGlobals) = postSolution
		SolutionGuid = {4538B9AD-FDC2-4F7F-9F88-8A73736C9A30}
	EndGlobalSection
EndGlobal
